
Microsoft Visual Studio Solution File, Format Version 12.00
# Visual Studio 15
Project("{FAE04EC0-301F-11D3-BF4B-00C04F79EFBC}") = "MessagePack", "MessagePack.csproj", "{952D5E27-32AA-C3CC-583E-99405B0E7EF2}"
EndProject
Project("{FAE04EC0-301F-11D3-BF4B-00C04F79EFBC}") = "MagicOnion.Unity", "MagicOnion.Unity.csproj", "{19272607-A4CB-B76C-86ED-0500537FEBD8}"
EndProject
Project("{FAE04EC0-301F-11D3-BF4B-00C04F79EFBC}") = "MagicOnion.Client", "MagicOnion.Client.csproj", "{56F2614F-E8EE-0224-FC40-09086504A1A9}"
EndProject
Project("{FAE04EC0-301F-11D3-BF4B-00C04F79EFBC}") = "MagicOnion.Abstractions", "MagicOnion.Abstractions.csproj", "{C1263D45-9A3B-AFBE-C5B8-7A773EDCE019}"
EndProject
Project("{FAE04EC0-301F-11D3-BF4B-00C04F79EFBC}") = "Assembly-CSharp", "Assembly-CSharp.csproj", "{993E6C2D-5FA1-8FF6-1EE9-421AA42CD43D}"
EndProject
Project("{FAE04EC0-301F-11D3-BF4B-00C04F79EFBC}") = "MessagePack.Annotations", "MessagePack.Annotations.csproj", "{E1C58C68-1957-D2B3-C67F-0F9C92107DED}"
EndProject
Project("{FAE04EC0-301F-11D3-BF4B-00C04F79EFBC}") = "MagicOnion.Unity.Editor", "MagicOnion.Unity.Editor.csproj", "{EFE26A5B-BE61-46CF-6CE6-E278C4C09C52}"
EndProject
Project("{9A19103F-16F7-4668-BE54-9A1E7A4F7556}") = "Application.Server", "..\Application.Server\Application.Server.csproj", "{3AE1C1D9-31DE-4568-A160-F75A1CB39E46}"
EndProject
Project("{9A19103F-16F7-4668-BE54-9A1E7A4F7556}") = "Application.Shared", "..\Application.Shared\Application.Shared.csproj", "{70E1C455-2887-4A20-8620-87CE9A0367EC}"
EndProject
Project("{2150E333-8FDC-42A3-9474-1A3956D46DE8}") = "AssemblyDefinitions", "AssemblyDefinitions", "{2C63FAD7-6BE9-4A53-816A-9D1F6CAD11D8}"
EndProject
Global
	GlobalSection(SolutionConfigurationPlatforms) = preSolution
		Debug|Any CPU = Debug|Any CPU
		Release|Any CPU = Release|Any CPU
	EndGlobalSection
	GlobalSection(ProjectConfigurationPlatforms) = postSolution
		{952D5E27-32AA-C3CC-583E-99405B0E7EF2}.Debug|Any CPU.ActiveCfg = Debug|Any CPU
		{952D5E27-32AA-C3CC-583E-99405B0E7EF2}.Debug|Any CPU.Build.0 = Debug|Any CPU
		{952D5E27-32AA-C3CC-583E-99405B0E7EF2}.Release|Any CPU.ActiveCfg = Release|Any CPU
		{952D5E27-32AA-C3CC-583E-99405B0E7EF2}.Release|Any CPU.Build.0 = Release|Any CPU
		{19272607-A4CB-B76C-86ED-0500537FEBD8}.Debug|Any CPU.ActiveCfg = Debug|Any CPU
		{19272607-A4CB-B76C-86ED-0500537FEBD8}.Debug|Any CPU.Build.0 = Debug|Any CPU
		{19272607-A4CB-B76C-86ED-0500537FEBD8}.Release|Any CPU.ActiveCfg = Release|Any CPU
		{19272607-A4CB-B76C-86ED-0500537FEBD8}.Release|Any CPU.Build.0 = Release|Any CPU
		{56F2614F-E8EE-0224-FC40-09086504A1A9}.Debug|Any CPU.ActiveCfg = Debug|Any CPU
		{56F2614F-E8EE-0224-FC40-09086504A1A9}.Debug|Any CPU.Build.0 = Debug|Any CPU
		{56F2614F-E8EE-0224-FC40-09086504A1A9}.Release|Any CPU.ActiveCfg = Release|Any CPU
		{56F2614F-E8EE-0224-FC40-09086504A1A9}.Release|Any CPU.Build.0 = Release|Any CPU
		{C1263D45-9A3B-AFBE-C5B8-7A773EDCE019}.Debug|Any CPU.ActiveCfg = Debug|Any CPU
		{C1263D45-9A3B-AFBE-C5B8-7A773EDCE019}.Debug|Any CPU.Build.0 = Debug|Any CPU
		{C1263D45-9A3B-AFBE-C5B8-7A773EDCE019}.Release|Any CPU.ActiveCfg = Release|Any CPU
		{C1263D45-9A3B-AFBE-C5B8-7A773EDCE019}.Release|Any CPU.Build.0 = Release|Any CPU
		{993E6C2D-5FA1-8FF6-1EE9-421AA42CD43D}.Debug|Any CPU.ActiveCfg = Debug|Any CPU
		{993E6C2D-5FA1-8FF6-1EE9-421AA42CD43D}.Debug|Any CPU.Build.0 = Debug|Any CPU
		{993E6C2D-5FA1-8FF6-1EE9-421AA42CD43D}.Release|Any CPU.ActiveCfg = Release|Any CPU
		{993E6C2D-5FA1-8FF6-1EE9-421AA42CD43D}.Release|Any CPU.Build.0 = Release|Any CPU
		{E1C58C68-1957-D2B3-C67F-0F9C92107DED}.Debug|Any CPU.ActiveCfg = Debug|Any CPU
		{E1C58C68-1957-D2B3-C67F-0F9C92107DED}.Debug|Any CPU.Build.0 = Debug|Any CPU
		{E1C58C68-1957-D2B3-C67F-0F9C92107DED}.Release|Any CPU.ActiveCfg = Release|Any CPU
		{E1C58C68-1957-D2B3-C67F-0F9C92107DED}.Release|Any CPU.Build.0 = Release|Any CPU
		{EFE26A5B-BE61-46CF-6CE6-E278C4C09C52}.Debug|Any CPU.ActiveCfg = Debug|Any CPU
		{EFE26A5B-BE61-46CF-6CE6-E278C4C09C52}.Debug|Any CPU.Build.0 = Debug|Any CPU
		{EFE26A5B-BE61-46CF-6CE6-E278C4C09C52}.Release|Any CPU.ActiveCfg = Release|Any CPU
		{EFE26A5B-BE61-46CF-6CE6-E278C4C09C52}.Release|Any CPU.Build.0 = Release|Any CPU
		{3AE1C1D9-31DE-4568-A160-F75A1CB39E46}.Debug|Any CPU.ActiveCfg = Debug|Any CPU
		{3AE1C1D9-31DE-4568-A160-F75A1CB39E46}.Debug|Any CPU.Build.0 = Debug|Any CPU
		{3AE1C1D9-31DE-4568-A160-F75A1CB39E46}.Release|Any CPU.ActiveCfg = Release|Any CPU
		{3AE1C1D9-31DE-4568-A160-F75A1CB39E46}.Release|Any CPU.Build.0 = Release|Any CPU
		{70E1C455-2887-4A20-8620-87CE9A0367EC}.Debug|Any CPU.ActiveCfg = Debug|Any CPU
		{70E1C455-2887-4A20-8620-87CE9A0367EC}.Debug|Any CPU.Build.0 = Debug|Any CPU
		{70E1C455-2887-4A20-8620-87CE9A0367EC}.Release|Any CPU.ActiveCfg = Release|Any CPU
		{70E1C455-2887-4A20-8620-87CE9A0367EC}.Release|Any CPU.Build.0 = Release|Any CPU
	EndGlobalSection
	GlobalSection(SolutionProperties) = preSolution
		HideSolutionNode = FALSE
	EndGlobalSection
	GlobalSection(NestedProjects) = preSolution
		{952D5E27-32AA-C3CC-583E-99405B0E7EF2} = {2C63FAD7-6BE9-4A53-816A-9D1F6CAD11D8}
		{19272607-A4CB-B76C-86ED-0500537FEBD8} = {2C63FAD7-6BE9-4A53-816A-9D1F6CAD11D8}
		{56F2614F-E8EE-0224-FC40-09086504A1A9} = {2C63FAD7-6BE9-4A53-816A-9D1F6CAD11D8}
		{C1263D45-9A3B-AFBE-C5B8-7A773EDCE019} = {2C63FAD7-6BE9-4A53-816A-9D1F6CAD11D8}
		{E1C58C68-1957-D2B3-C67F-0F9C92107DED} = {2C63FAD7-6BE9-4A53-816A-9D1F6CAD11D8}
		{EFE26A5B-BE61-46CF-6CE6-E278C4C09C52} = {2C63FAD7-6BE9-4A53-816A-9D1F6CAD11D8}
	EndGlobalSection
	GlobalSection(ExtensibilityGlobals) = postSolution
		SolutionGuid = {D90BBF38-A059-46BA-9949-507D7DCCE7A4}
	EndGlobalSection
EndGlobal

